
Microsoft Visual Studio Solution File, Format Version 12.00
# Visual Studio 2013
VisualStudioVersion = 12.0.21005.1
MinimumVisualStudioVersion = 10.0.40219.1
Project("{F184B08F-C81C-45F6-A57F-5ABD9991F28F}") = "ProgChal_1", "ProgChal_1\ProgChal_1.vbproj", "{896AC211-3C18-4312-B2C6-500EF0DBB17E}"
EndProject
Project("{F184B08F-C81C-45F6-A57F-5ABD9991F28F}") = "ProgChal_2", "ProgChal_2\ProgChal_2.vbproj", "{6456BB54-E2A9-45B6-84BB-AEEFF22C2590}"
EndProject
Project("{F184B08F-C81C-45F6-A57F-5ABD9991F28F}") = "ProgChal_5", "ProgChal_5\ProgChal_5.vbproj", "{AA9B2E8F-C234-4F43-AE82-DDA6ACBFD709}"
EndProject
Project("{F184B08F-C81C-45F6-A57F-5ABD9991F28F}") = "ProgChal_7", "ProgChal_7\ProgChal_7.vbproj", "{4203408D-824F-4C1B-ADA4-3C518BC56194}"
EndProject
Project("{F184B08F-C81C-45F6-A57F-5ABD9991F28F}") = "ProgChal_9", "ProgChal_9\ProgChal_9.vbproj", "{61C2BF01-D3B9-4185-B4C8-5E9150E23486}"
EndProject
Global
	GlobalSection(SolutionConfigurationPlatforms) = preSolution
		Debug|Any CPU = Debug|Any CPU
		Release|Any CPU = Release|Any CPU
	EndGlobalSection
	GlobalSection(ProjectConfigurationPlatforms) = postSolution
		{896AC211-3C18-4312-B2C6-500EF0DBB17E}.Debug|Any CPU.ActiveCfg = Debug|Any CPU
		{896AC211-3C18-4312-B2C6-500EF0DBB17E}.Debug|Any CPU.Build.0 = Debug|Any CPU
		{896AC211-3C18-4312-B2C6-500EF0DBB17E}.Release|Any CPU.ActiveCfg = Release|Any CPU
		{896AC211-3C18-4312-B2C6-500EF0DBB17E}.Release|Any CPU.Build.0 = Release|Any CPU
		{6456BB54-E2A9-45B6-84BB-AEEFF22C2590}.Debug|Any CPU.ActiveCfg = Debug|Any CPU
		{6456BB54-E2A9-45B6-84BB-AEEFF22C2590}.Debug|Any CPU.Build.0 = Debug|Any CPU
		{6456BB54-E2A9-45B6-84BB-AEEFF22C2590}.Release|Any CPU.ActiveCfg = Release|Any CPU
		{6456BB54-E2A9-45B6-84BB-AEEFF22C2590}.Release|Any CPU.Build.0 = Release|Any CPU
		{AA9B2E8F-C234-4F43-AE82-DDA6ACBFD709}.Debug|Any CPU.ActiveCfg = Debug|Any CPU
		{AA9B2E8F-C234-4F43-AE82-DDA6ACBFD709}.Debug|Any CPU.Build.0 = Debug|Any CPU
		{AA9B2E8F-C234-4F43-AE82-DDA6ACBFD709}.Release|Any CPU.ActiveCfg = Release|Any CPU
		{AA9B2E8F-C234-4F43-AE82-DDA6ACBFD709}.Release|Any CPU.Build.0 = Release|Any CPU
		{4203408D-824F-4C1B-ADA4-3C518BC56194}.Debug|Any CPU.ActiveCfg = Debug|Any CPU
		{4203408D-824F-4C1B-ADA4-3C518BC56194}.Debug|Any CPU.Build.0 = Debug|Any CPU
		{4203408D-824F-4C1B-ADA4-3C518BC56194}.Release|Any CPU.ActiveCfg = Release|Any CPU
		{4203408D-824F-4C1B-ADA4-3C518BC56194}.Release|Any CPU.Build.0 = Release|Any CPU
		{61C2BF01-D3B9-4185-B4C8-5E9150E23486}.Debug|Any CPU.ActiveCfg = Debug|Any CPU
		{61C2BF01-D3B9-4185-B4C8-5E9150E23486}.Debug|Any CPU.Build.0 = Debug|Any CPU
		{61C2BF01-D3B9-4185-B4C8-5E9150E23486}.Release|Any CPU.ActiveCfg = Release|Any CPU
		{61C2BF01-D3B9-4185-B4C8-5E9150E23486}.Release|Any CPU.Build.0 = Release|Any CPU
	EndGlobalSection
	GlobalSection(SolutionProperties) = preSolution
		HideSolutionNode = FALSE
	EndGlobalSection
EndGlobal
